Microsoft Visual Studio Solution File, Format Version 12.00
# Visual Studio Version 17
VisualStudioVersion = 17.5.2.0
MinimumVisualStudioVersion = 10.0.40219.1
Project("{FAE04EC0-301F-11D3-BF4B-00C04F79EFBC}") = "Memorias-charla", "Memorias-charla\Memorias-charla.csproj", "{6AB21C98-626F-7096-6BDB-68BCF2000BC0}"
EndProject
Global
	GlobalSection(SolutionConfigurationPlatforms) = preSolution
		Debug|Any CPU = Debug|Any CPU
		Release|Any CPU = Release|Any CPU
	EndGlobalSection
	GlobalSection(ProjectConfigurationPlatforms) = postSolution
		{6AB21C98-626F-7096-6BDB-68BCF2000BC0}.Debug|Any CPU.ActiveCfg = Debug|Any CPU
		{6AB21C98-626F-7096-6BDB-68BCF2000BC0}.Debug|Any CPU.Build.0 = Debug|Any CPU
		{6AB21C98-626F-7096-6BDB-68BCF2000BC0}.Release|Any CPU.ActiveCfg = Release|Any CPU
		{6AB21C98-626F-7096-6BDB-68BCF2000BC0}.Release|Any CPU.Build.0 = Release|Any CPU
	EndGlobalSection
	GlobalSection(SolutionProperties) = preSolution
		HideSolutionNode = FALSE
	EndGlobalSection
	GlobalSection(ExtensibilityGlobals) = postSolution
		SolutionGuid = {9E85FF4F-AA40-4A1A-A9D0-C20840ABD6E0}
	EndGlobalSection
EndGlobal
